<?xml version="1.0" encoding="UTF-8"?>
<Scheme
   LastUpgradeVersion = "1010"
   version = "1.3">
   <BuildAction
      parallelizeBuildables = "NO"
      buildImplicitDependencies = "YES">
      <BuildActionEntries>
         <BuildActionEntry
            buildForTesting = "YES"
            buildForRunning = "YES"
            buildForProfiling = "YES"
            buildForArchiving = "YES"
            buildForAnalyzing = "YES">
            <BuildableReference
               BuildableIdentifier = "primary"
               BlueprintIdentifier = "83CBBA2D1A601D0E00E9B192"
               BuildableName = "libReact.a"
               BlueprintName = "React"
               ReferencedContainer = "container:../node_modules/react-native/React/React.xcodeproj">
            </BuildableReference>
         </BuildActionEntry>
         <BuildActionEntry
            buildForTesting = "YES"
            buildForRunning = "YES"
            buildForProfiling = "YES"
            buildForArchiving = "YES"
            buildForAnalyzing = "YES">
            <BuildableReference
               BuildableIdentifier = "primary"
               BlueprintIdentifier = "58B511DA1A9E6C8500147676"
               BuildableName = "libRCTActionSheet.a"
               BlueprintName = "RCTActionSheet"
               ReferencedContainer = "container:../node_modules/react-native/Libraries/ActionSheetIOS/RCTActionSheet.xcodeproj">
            </BuildableReference>
         </BuildActionEntry>
         <BuildActionEntry
            buildForTesting = "YES"
            buildForRunning = "YES"
            buildForProfiling = "YES"
            buildForArchiving = "YES"
            buildForAnalyzing = "YES">
            <BuildableReference
               BuildableIdentifier = "primary"
               BlueprintIdentifier = "58B511DA1A9E6C8500147676"
               BuildableName = "libRCTNetwork.a"
               BlueprintName = "RCTNetwork"
               ReferencedContainer = "container:../node_modules/react-native/Libraries/Network/RCTNetwork.xcodeproj">
            </BuildableReference>
         </BuildActionEntry>
         <BuildActionEntry
            buildForTesting = "YES"
            buildForRunning = "YES"
            buildForProfiling = "YES"
            buildForArchiving = "YES"
            buildForAnalyzing = "YES">
            <BuildableReference
               BuildableIdentifier = "primary"
               BlueprintIdentifier = "358F4ED61D1E81A9004DF814"
               BuildableName = "libRCTBlob.a"
               BlueprintName = "RCTBlob"
               ReferencedContainer = "container:../node_modules/react-native/Libraries/Blob/RCTBlob.xcodeproj">
            </BuildableReference>
         </BuildActionEntry>
         <BuildActionEntry
            buildForTesting = "YES"
            buildForRunning = "YES"
            buildForProfiling = "YES"
            buildForArchiving = "YES"
            buildForAnalyzing = "YES">
            <BuildableReference
               BuildableIdentifier = "primary"
               BlueprintIdentifier = "58B5115C1A9E6B3D00147676"
               BuildableName = "libRCTImage.a"
               BlueprintName = "RCTImage"
               ReferencedContainer = "container:../node_modules/react-native/Libraries/Image/RCTImage.xcodeproj">
            </BuildableReference>
         </BuildActionEntry>
         <BuildActionEntry
            buildForTesting = "YES"
            buildForRunning = "YES"
            buildForProfiling = "YES"
            buildForArchiving = "YES"
            buildForAnalyzing = "YES">
            <BuildableReference
               BuildableIdentifier = "primary"
               BlueprintIdentifier = "58B511DA1A9E6C8500147676"
               BuildableName = "libRCTSettings.a"
               BlueprintName = "RCTSettings"
               ReferencedContainer = "container:../node_modules/react-native/Libraries/Settings/RCTSettings.xcodeproj">
            </BuildableReference>
         </BuildActionEntry>
         <BuildActionEntry
            buildForTesting = "YES"
            buildForRunning = "YES"
            buildForProfiling = "YES"
            buildForArchiving = "YES"
            buildForAnalyzing = "YES">
            <BuildableReference
               BuildableIdentifier = "primary"
               BlueprintIdentifier = "58B5119A1A9E6C1200147676"
               BuildableName = "libRCTText.a"
               BlueprintName = "RCTText"
               ReferencedContainer = "container:../node_modules/react-native/Libraries/Text/RCTText.xcodeproj">
            </BuildableReference>
         </BuildActionEntry>
         <BuildActionEntry
            buildForTesting = "YES"
            buildForRunning = "YES"
            buildForProfiling = "YES"
            buildForArchiving = "YES"
            buildForAnalyzing = "YES">
            <BuildableReference
               BuildableIdentifier = "primary"
               BlueprintIdentifier = "3C86DF451ADF2C930047B81A"
               BuildableName = "libRCTWebSocket.a"
               BlueprintName = "RCTWebSocket"
               ReferencedContainer = "container:../node_modules/react-native/Libraries/WebSocket/RCTWebSocket.xcodeproj">
            </BuildableReference>
         </BuildActionEntry>
         <BuildActionEntry
            buildForTesting = "YES"
            buildForRunning = "YES"
            buildForProfiling = "YES"
            buildForArchiving = "YES"
            buildForAnalyzing = "YES">
            <BuildableReference
               BuildableIdentifier = "primary"
               BlueprintIdentifier = "A15C300D1CD25C330074CB35"
               BuildableName = "libRNFetchBlob.a"
               BlueprintName = "RNFetchBlob"
               ReferencedContainer = "container:../node_modules/rn-fetch-blob/ios/RNFetchBlob.xcodeproj">
            </BuildableReference>
         </BuildActionEntry>
         <BuildActionEntry
            buildForTesting = "YES"
            buildForRunning = "YES"
            buildForProfiling = "YES"
            buildForArchiving = "YES"
            buildForAnalyzing = "YES">
            <BuildableReference
               BuildableIdentifier = "primary"
               BlueprintIdentifier = "5DBEB14F1B18CEA900B34395"
               BuildableName = "libRNVectorIcons.a"
               BlueprintName = "RNVectorIcons"
               ReferencedContainer = "container:../node_modules/react-native-vector-icons/RNVectorIcons.xcodeproj">
            </BuildableReference>
         </BuildActionEntry>
         <BuildActionEntry
            buildForTesting = "YES"
            buildForRunning = "YES"
            buildForProfiling = "YES"
            buildForArchiving = "YES"
            buildForAnalyzing = "YES">
            <BuildableReference
               BuildableIdentifier = "primary"
               BlueprintIdentifier = "58B511DA1A9E6C8500147676"
               BuildableName = "libRCTLinking.a"
               BlueprintName = "RCTLinking"
               ReferencedContainer = "container:../node_modules/react-native/Libraries/LinkingIOS/RCTLinking.xcodeproj">
            </BuildableReference>
         </BuildActionEntry>
         <BuildActionEntry
            buildForTesting = "YES"
            buildForRunning = "YES"
            buildForProfiling = "YES"
            buildForArchiving = "YES"
            buildForAnalyzing = "YES">
            <BuildableReference
               BuildableIdentifier = "primary"
               BlueprintIdentifier = "58B511DA1A9E6C8500147676"
               BuildableName = "libRCTAnimation.a"
               BlueprintName = "RCTAnimation"
               ReferencedContainer = "container:../node_modules/react-native/Libraries/NativeAnimation/RCTAnimation.xcodeproj">
            </BuildableReference>
         </BuildActionEntry>
         <BuildActionEntry
            buildForTesting = "YES"
            buildForRunning = "YES"
            buildForProfiling = "YES"
            buildForArchiving = "YES"
            buildForAnalyzing = "YES">
            <BuildableReference
               BuildableIdentifier = "primary"
               BlueprintIdentifier = "4107012E1ACB723B00C6AA39"
               BuildableName = "libRCTCamera.a"
               BlueprintName = "RCTCamera"
               ReferencedContainer = "container:../node_modules/react-native-camera/ios/RCTCamera.xcodeproj">
            </BuildableReference>
         </BuildActionEntry>
         <BuildActionEntry
            buildForTesting = "YES"
            buildForRunning = "YES"
            buildForProfiling = "YES"
            buildForArchiving = "YES"
            buildForAnalyzing = "YES">
            <BuildableReference
               BuildableIdentifier = "primary"
               BlueprintIdentifier = "1441618D1BD0A79300FA4F59"
               BuildableName = "libRCTContacts.a"
               BlueprintName = "RCTContacts"
               ReferencedContainer = "container:../node_modules/react-native-contacts/ios/RCTContacts.xcodeproj">
            </BuildableReference>
         </BuildActionEntry>
         <BuildActionEntry
            buildForTesting = "YES"
            buildForRunning = "YES"
            buildForProfiling = "YES"
            buildForArchiving = "YES"
            buildForAnalyzing = "YES">
            <BuildableReference
               BuildableIdentifier = "primary"
               BlueprintIdentifier = "58B511DA1A9E6C8500147676"
               BuildableName = "libRCTGeolocation.a"
               BlueprintName = "RCTGeolocation"
               ReferencedContainer = "container:../node_modules/react-native/Libraries/Geolocation/RCTGeolocation.xcodeproj">
            </BuildableReference>
         </BuildActionEntry>
         <BuildActionEntry
            buildForTesting = "YES"
            buildForRunning = "YES"
            buildForProfiling = "YES"
            buildForArchiving = "YES"
            buildForAnalyzing = "YES">
            <BuildableReference
               BuildableIdentifier = "primary"
               BlueprintIdentifier = "20D8E03E1C8E946C00039823"
               BuildableName = "libRCTPdf.a"
               BlueprintName = "RCTPdf"
               ReferencedContainer = "container:../node_modules/react-native-pdf/ios/RCTPdf.xcodeproj">
            </BuildableReference>
         </BuildActionEntry>
         <BuildActionEntry
            buildForTesting = "YES"
            buildForRunning = "YES"
            buildForProfiling = "YES"
            buildForArchiving = "YES"
            buildForAnalyzing = "YES">
            <BuildableReference
               BuildableIdentifier = "primary"
               BlueprintIdentifier = "58B511DA1A9E6C8500147676"
               BuildableName = "libRCTPushNotification.a"
               BlueprintName = "RCTPushNotification"
               ReferencedContainer = "container:../node_modules/react-native/Libraries/PushNotificationIOS/RCTPushNotification.xcodeproj">
            </BuildableReference>
         </BuildActionEntry>
         <BuildActionEntry
            buildForTesting = "YES"
            buildForRunning = "YES"
            buildForProfiling = "YES"
            buildForArchiving = "YES"
            buildForAnalyzing = "YES">
            <BuildableReference
               BuildableIdentifier = "primary"
               BlueprintIdentifier = "832C817F1AAF6DEF007FA2F7"
               BuildableName = "libRCTVibration.a"
               BlueprintName = "RCTVibration"
               ReferencedContainer = "container:../node_modules/react-native/Libraries/Vibration/RCTVibration.xcodeproj">
            </BuildableReference>
         </BuildActionEntry>
         <BuildActionEntry
            buildForTesting = "YES"
            buildForRunning = "YES"
            buildForProfiling = "YES"
            buildForArchiving = "YES"
            buildForAnalyzing = "YES">
            <BuildableReference
               BuildableIdentifier = "primary"
               BlueprintIdentifier = "58B511DA1A9E6C8500147676"
               BuildableName = "libRNCompress.a"
               BlueprintName = "RNCompress"
               ReferencedContainer = "container:../node_modules/react-native-compress/ios/RNCompress.xcodeproj">
            </BuildableReference>
         </BuildActionEntry>
         <BuildActionEntry
            buildForTesting = "YES"
            buildForRunning = "YES"
            buildForProfiling = "YES"
            buildForArchiving = "YES"
            buildForAnalyzing = "YES">
            <BuildableReference
               BuildableIdentifier = "primary"
               BlueprintIdentifier = "D6DCE87A1E729E6B007045D7"
               BuildableName = "C2Mobile.framework"
               BlueprintName = "C2Mobile"
               ReferencedContainer = "container:../node_modules/c2-mobile/iOS/c2-mobile.xcodeproj">
            </BuildableReference>
         </BuildActionEntry>
         <BuildActionEntry
            buildForTesting = "YES"
            buildForRunning = "YES"
            buildForProfiling = "YES"
            buildForArchiving = "YES"
            buildForAnalyzing = "YES">
            <BuildableReference
               BuildableIdentifier = "primary"
               BlueprintIdentifier = "13B07F861A680F5B00A75B9A"
               BuildableName = "jianzhibao.app"
               BlueprintName = "jianzhibao"
               ReferencedContainer = "container:jianzhibao.xcodeproj">
            </BuildableReference>
         </BuildActionEntry>
      </BuildActionEntries>
   </BuildAction>
   <TestAction
      buildConfiguration = "Debug"
      selectedDebuggerIdentifier = "Xcode.DebuggerFoundation.Debugger.LLDB"
      selectedLauncherIdentifier = "Xcode.DebuggerFoundation.Launcher.LLDB"
      shouldUseLaunchSchemeArgsEnv = "YES">
      <MacroExpansion>
         <BuildableReference
            BuildableIdentifier = "primary"
            BlueprintIdentifier = "13B07F861A680F5B00A75B9A"
            BuildableName = "jianzhibao.app"
            BlueprintName = "jianzhibao"
            ReferencedContainer = "container:jianzhibao.xcodeproj">
         </BuildableReference>
      </MacroExpansion>
      <Testables>
      </Testables>
   </TestAction>
   <LaunchAction
      buildConfiguration = "Debug"
      selectedDebuggerIdentifier = "Xcode.DebuggerFoundation.Debugger.LLDB"
      selectedLauncherIdentifier = "Xcode.DebuggerFoundation.Launcher.LLDB"
      launchStyle = "0"
      useCustomWorkingDirectory = "NO"
      ignoresPersistentStateOnLaunch = "NO"
      debugDocumentVersioning = "YES"
      debugServiceExtension = "internal"
      allowLocationSimulation = "YES">
      <BuildableProductRunnable
         runnableDebuggingMode = "0">
         <BuildableReference
            BuildableIdentifier = "primary"
            BlueprintIdentifier = "13B07F861A680F5B00A75B9A"
            BuildableName = "jianzhibao.app"
            BlueprintName = "jianzhibao"
            ReferencedContainer = "container:jianzhibao.xcodeproj">
         </BuildableReference>
      </BuildableProductRunnable>
      <EnvironmentVariables>
         <EnvironmentVariable
            key = "OS_ACTIVITY_MODE"
            value = "disable"
            isEnabled = "YES">
         </EnvironmentVariable>
      </EnvironmentVariables>
   </LaunchAction>
   <ProfileAction
      buildConfiguration = "Release"
      shouldUseLaunchSchemeArgsEnv = "YES"
      savedToolIdentifier = ""
      useCustomWorkingDirectory = "NO"
      debugDocumentVersioning = "YES">
      <BuildableProductRunnable
         runnableDebuggingMode = "0">
         <BuildableReference
            BuildableIdentifier = "primary"
            BlueprintIdentifier = "13B07F861A680F5B00A75B9A"
            BuildableName = "jianzhibao.app"
            BlueprintName = "jianzhibao"
            ReferencedContainer = "container:jianzhibao.xcodeproj">
         </BuildableReference>
      </BuildableProductRunnable>
   </ProfileAction>
   <AnalyzeAction
      buildConfiguration = "Debug">
   </AnalyzeAction>
   <ArchiveAction
      buildConfiguration = "Release"
      revealArchiveInOrganizer = "YES">
   </ArchiveAction>
</Scheme>
